// !$*UTF8*$!
{
	archiveVersion = 1;
	classes = {
	};
	objectVersion = 56;
	objects = {

/* Begin PBXBuildFile section */
		1AB415A72BA9C18100DCCE44 /* PokemonWidgetApp.swift in Sources */ = {isa = PBXBuildFile; fileRef = 1AB415A62BA9C18100DCCE44 /* PokemonWidgetApp.swift */; };
		1AB415A92BA9C18100DCCE44 /* ContentView.swift in Sources */ = {isa = PBXBuildFile; fileRef = 1AB415A82BA9C18100DCCE44 /* ContentView.swift */; };
		1AB415AB2BA9C18200DCCE44 /* Assets.xcassets in Resources */ = {isa = PBXBuildFile; fileRef = 1AB415AA2BA9C18200DCCE44 /* Assets.xcassets */; };
		1AB415AE2BA9C18200DCCE44 /* Preview Assets.xcassets in Resources */ = {isa = PBXBuildFile; fileRef = 1AB415AD2BA9C18200DCCE44 /* Preview Assets.xcassets */; };
		1AB415B52BA9CB9100DCCE44 /* PokemonModel.swift in Sources */ = {isa = PBXBuildFile; fileRef = 1AB415B42BA9CB9100DCCE44 /* PokemonModel.swift */; };
		1ABA6D122BAE35B500DAED5F /* OzelGorselView.swift in Sources */ = {isa = PBXBuildFile; fileRef = 1ABA6D112BAE35B500DAED5F /* OzelGorselView.swift */; };
		1ABA6D142BAE36CD00DAED5F /* PokemonView.swift in Sources */ = {isa = PBXBuildFile; fileRef = 1ABA6D132BAE36CD00DAED5F /* PokemonView.swift */; };
/* End PBXBuildFile section */

/* Begin PBXFileReference section */
		1AB415A32BA9C18100DCCE44 /* PokemonWidget.app */ = {isa = PBXFileReference; explicitFileType = wrapper.application; includeInIndex = 0; path = PokemonWidget.app; sourceTree = BUILT_PRODUCTS_DIR; };
		1AB415A62BA9C18100DCCE44 /* PokemonWidgetApp.swift */ = {isa = PBXFileReference; lastKnownFileType = sourcecode.swift; path = PokemonWidgetApp.swift; sourceTree = "<group>"; };
		1AB415A82BA9C18100DCCE44 /* ContentView.swift */ = {isa = PBXFileReference; lastKnownFileType = sourcecode.swift; path = ContentView.swift; sourceTree = "<group>"; };
		1AB415AA2BA9C18200DCCE44 /* Assets.xcassets */ = {isa = PBXFileReference; lastKnownFileType = folder.assetcatalog; path = Assets.xcassets; sourceTree = "<group>"; };
		1AB415AD2BA9C18200DCCE44 /* Preview Assets.xcassets */ = {isa = PBXFileReference; lastKnownFileType = folder.assetcatalog; path = "Preview Assets.xcassets"; sourceTree = "<group>"; };
		1AB415B42BA9CB9100DCCE44 /* PokemonModel.swift */ = {isa = PBXFileReference; lastKnownFileType = sourcecode.swift; path = PokemonModel.swift; sourceTree = "<group>"; };
		1ABA6D112BAE35B500DAED5F /* OzelGorselView.swift */ = {isa = PBXFileReference; lastKnownFileType = sourcecode.swift; path = OzelGorselView.swift; sourceTree = "<group>"; };
		1ABA6D132BAE36CD00DAED5F /* PokemonView.swift */ = {isa = PBXFileReference; lastKnownFileType = sourcecode.swift; path = PokemonView.swift; sourceTree = "<group>"; };
		1ABA6D152BAE39A800DAED5F /* PokemonWidget.entitlements */ = {isa = PBXFileReference; lastKnownFileType = text.plist.entitlements; path = PokemonWidget.entitlements; sourceTree = "<group>"; };
/* End PBXFileReference section */

/* Begin PBXFrameworksBuildPhase section */
		1AB415A02BA9C18100DCCE44 /* Frameworks */ = {
			isa = PBXFrameworksBuildPhase;
			buildActionMask = 2147483647;
			files = (
			);
			runOnlyForDeploymentPostprocessing = 0;
		};
/* End PBXFrameworksBuildPhase section */

/* Begin PBXGroup section */
		1AB4159A2BA9C18100DCCE44 = {
			isa = PBXGroup;
			children = (
				1AB415A52BA9C18100DCCE44 /* PokemonWidget */,
				1AB415A42BA9C18100DCCE44 /* Products */,
			);
			sourceTree = "<group>";
		};
		1AB415A42BA9C18100DCCE44 /* Products */ = {
			isa = PBXGroup;
			children = (
				1AB415A32BA9C18100DCCE44 /* PokemonWidget.app */,
			);
			name = Products;
			sourceTree = "<group>";
		};
		1AB415A52BA9C18100DCCE44 /* PokemonWidget */ = {
			isa = PBXGroup;
			children = (
				1ABA6D152BAE39A800DAED5F /* PokemonWidget.entitlements */,
				1AB415B82BA9CE8D00DCCE44 /* App */,
				1AB415B72BA9CE7F00DCCE44 /* View */,
				1AB415B62BA9CE7A00DCCE44 /* Model */,
				1AB415AC2BA9C18200DCCE44 /* Preview Content */,
			);
			path = PokemonWidget;
			sourceTree = "<group>";
		};
		1AB415AC2BA9C18200DCCE44 /* Preview Content */ = {
			isa = PBXGroup;
			children = (
				1AB415AD2BA9C18200DCCE44 /* Preview Assets.xcassets */,
			);
			path = "Preview Content";
			sourceTree = "<group>";
		};
		1AB415B62BA9CE7A00DCCE44 /* Model */ = {
			isa = PBXGroup;
			children = (
				1AB415B42BA9CB9100DCCE44 /* PokemonModel.swift */,
			);
			path = Model;
			sourceTree = "<group>";
		};
		1AB415B72BA9CE7F00DCCE44 /* View */ = {
			isa = PBXGroup;
			children = (
				1AB415A82BA9C18100DCCE44 /* ContentView.swift */,
				1ABA6D112BAE35B500DAED5F /* OzelGorselView.swift */,
				1ABA6D132BAE36CD00DAED5F /* PokemonView.swift */,
			);
			path = View;
			sourceTree = "<group>";
		};
		1AB415B82BA9CE8D00DCCE44 /* App */ = {
			isa = PBXGroup;
			children = (
				1AB415AA2BA9C18200DCCE44 /* Assets.xcassets */,
				1AB415A62BA9C18100DCCE44 /* PokemonWidgetApp.swift */,
			);
			path = App;
			sourceTree = "<group>";
		};
/* End PBXGroup section */

/* Begin PBXNativeTarget section */
		1AB415A22BA9C18100DCCE44 /* PokemonWidget */ = {
			isa = PBXNativeTarget;
			buildConfigurationList = 1AB415B12BA9C18200DCCE44 /* Build configuration list for PBXNativeTarget "PokemonWidget" */;
			buildPhases = (
				1AB4159F2BA9C18100DCCE44 /* Sources */,
				1AB415A02BA9C18100DCCE44 /* Frameworks */,
				1AB415A12BA9C18100DCCE44 /* Resources */,
			);
			buildRules = (
			);
			dependencies = (
			);
			name = PokemonWidget;
			productName = PokemonWidget;
			productReference = 1AB415A32BA9C18100DCCE44 /* PokemonWidget.app */;
			productType = "com.apple.product-type.application";
		};
/* End PBXNativeTarget section */

/* Begin PBXProject section */
		1AB4159B2BA9C18100DCCE44 /* Project object */ = {
			isa = PBXProject;
			attributes = {
				BuildIndependentTargetsInParallel = 1;
				LastSwiftUpdateCheck = 1530;
				LastUpgradeCheck = 1530;
				TargetAttributes = {
					1AB415A22BA9C18100DCCE44 = {
						CreatedOnToolsVersion = 15.3;
					};
				};
			};
			buildConfigurationList = 1AB4159E2BA9C18100DCCE44 /* Build configuration list for PBXProject "PokemonWidget" */;
			compatibilityVersion = "Xcode 14.0";
			developmentRegion = en;
			hasScannedForEncodings = 0;
			knownRegions = (
				en,
				Base,
			);
			mainGroup = 1AB4159A2BA9C18100DCCE44;
			productRefGroup = 1AB415A42BA9C18100DCCE44 /* Products */;
			projectDirPath = "";
			projectRoot = "";
			targets = (
				1AB415A22BA9C18100DCCE44 /* PokemonWidget */,
			);
		};
/* End PBXProject section */

/* Begin PBXResourcesBuildPhase section */
		1AB415A12BA9C18100DCCE44 /* Resources */ = {
			isa = PBXResourcesBuildPhase;
			buildActionMask = 2147483647;
			files = (
				1AB415AE2BA9C18200DCCE44 /* Preview Assets.xcassets in Resources */,
				1AB415AB2BA9C18200DCCE44 /* Assets.xcassets in Resources */,
			);
			runOnlyForDeploymentPostprocessing = 0;
		};
/* End PBXResourcesBuildPhase section */

/* Begin PBXSourcesBuildPhase section */
		1AB4159F2BA9C18100DCCE44 /* Sources */ = {
			isa = PBXSourcesBuildPhase;
			buildActionMask = 2147483647;
			files = (
				1ABA6D122BAE35B500DAED5F /* OzelGorselView.swift in Sources */,
				1AB415A92BA9C18100DCCE44 /* ContentView.swift in Sources */,
				1AB415B52BA9CB9100DCCE44 /* PokemonModel.swift in Sources */,
				1ABA6D142BAE36CD00DAED5F /* PokemonView.swift in Sources */,
				1AB415A72BA9C18100DCCE44 /* PokemonWidgetApp.swift in Sources */,
			);
			runOnlyForDeploymentPostprocessing = 0;
		};
/* End PBXSourcesBuildPhase section */

/* Begin XCBuildConfiguration section */
		1AB415AF2BA9C18200DCCE44 /* Debug */ = {
			isa = XCBuildConfiguration;
			buildSettings = {
				ALWAYS_SEARCH_USER_PATHS = NO;
				ASSETCATALOG_COMPILER_GENERATE_SWIFT_ASSET_SYMBOL_EXTENSIONS = YES;
				CLANG_ANALYZER_NONNULL = YES;
				CLANG_ANALYZER_NUMBER_OBJECT_CONVERSION = YES_AGGRESSIVE;
				CLANG_CXX_LANGUAGE_STANDARD = "gnu++20";
				CLANG_ENABLE_MODULES = YES;
				CLANG_ENABLE_OBJC_ARC = YES;
				CLANG_ENABLE_OBJC_WEAK = YES;
				CLANG_WARN_BLOCK_CAPTURE_AUTORELEASING = YES;
				CLANG_WARN_BOOL_CONVERSION = YES;
				CLANG_WARN_COMMA = YES;
				CLANG_WARN_CONSTANT_CONVERSION = YES;
				CLANG_WARN_DEPRECATED_OBJC_IMPLEMENTATIONS = YES;
				CLANG_WARN_DIRECT_OBJC_ISA_USAGE = YES_ERROR;
				CLANG_WARN_DOCUMENTATION_COMMENTS = YES;
				CLANG_WARN_EMPTY_BODY = YES;
				CLANG_WARN_ENUM_CONVERSION = YES;
				CLANG_WARN_INFINITE_RECURSION = YES;
				CLANG_WARN_INT_CONVERSION = YES;
				CLANG_WARN_NON_LITERAL_NULL_CONVERSION = YES;
				CLANG_WARN_OBJC_IMPLICIT_RETAIN_SELF = YES;
				CLANG_WARN_OBJC_LITERAL_CONVERSION = YES;
				CLANG_WARN_OBJC_ROOT_CLASS = YES_ERROR;
				CLANG_WARN_QUOTED_INCLUDE_IN_FRAMEWORK_HEADER = YES;
				CLANG_WARN_RANGE_LOOP_ANALYSIS = YES;
				CLANG_WARN_STRICT_PROTOTYPES = YES;
				CLANG_WARN_SUSPICIOUS_MOVE = YES;
				CLANG_WARN_UNGUARDED_AVAILABILITY = YES_AGGRESSIVE;
				CLANG_WARN_UNREACHABLE_CODE = YES;
				CLANG_WARN__DUPLICATE_METHOD_MATCH = YES;
				COPY_PHASE_STRIP = NO;
				DEBUG_INFORMATION_FORMAT = dwarf;
				ENABLE_STRICT_OBJC_MSGSEND = YES;
				ENABLE_TESTABILITY = YES;
				ENABLE_USER_SCRIPT_SANDBOXING = YES;
				GCC_C_LANGUAGE_STANDARD = gnu17;
				GCC_DYNAMIC_NO_PIC = NO;
				GCC_NO_COMMON_BLOCKS = YES;
				GCC_OPTIMIZATION_LEVEL = 0;
				GCC_PREPROCESSOR_DEFINITIONS = (
					"DEBUG=1",
					"$(inherited)",
				);
				GCC_WARN_64_TO_32_BIT_CONVERSION = YES;
				GCC_WARN_ABOUT_RETURN_TYPE = YES_ERROR;
				GCC_WARN_UNDECLARED_SELECTOR = YES;
				GCC_WARN_UNINITIALIZED_AUTOS = YES_AGGRESSIVE;
				GCC_WARN_UNUSED_FUNCTION = YES;
				GCC_WARN_UNUSED_VARIABLE = YES;
				IPHONEOS_DEPLOYMENT_TARGET = 17.4;
				LOCALIZATION_PREFERS_STRING_CATALOGS = YES;
				MTL_ENABLE_DEBUG_INFO = INCLUDE_SOURCE;
				MTL_FAST_MATH = YES;
				ONLY_ACTIVE_ARCH = YES;
				SDKROOT = iphoneos;
				SWIFT_ACTIVE_COMPILATION_CONDITIONS = "DEBUG $(inherited)";
				SWIFT_OPTIMIZATION_LEVEL = "-Onone";
			};
			name = Debug;
		};
		1AB415B02BA9C18200DCCE44 /* Release */ = {
			isa = XCBuildConfiguration;
			buildSettings = {
				ALWAYS_SEARCH_USER_PATHS = NO;
				ASSETCATALOG_COMPILER_GENERATE_SWIFT_ASSET_SYMBOL_EXTENSIONS = YES;
				CLANG_ANALYZER_NONNULL = YES;
				CLANG_ANALYZER_NUMBER_OBJECT_CONVERSION = YES_AGGRESSIVE;
				CLANG_CXX_LANGUAGE_STANDARD = "gnu++20";
				CLANG_ENABLE_MODULES = YES;
				CLANG_ENABLE_OBJC_ARC = YES;
				CLANG_ENABLE_OBJC_WEAK = YES;
				CLANG_WARN_BLOCK_CAPTURE_AUTORELEASING = YES;
				CLANG_WARN_BOOL_CONVERSION = YES;
				CLANG_WARN_COMMA = YES;
				CLANG_WARN_CONSTANT_CONVERSION = YES;
				CLANG_WARN_DEPRECATED_OBJC_IMPLEMENTATIONS = YES;
				CLANG_WARN_DIRECT_OBJC_ISA_USAGE = YES_ERROR;
				CLANG_WARN_DOCUMENTATION_COMMENTS = YES;
				CLANG_WARN_EMPTY_BODY = YES;
				CLANG_WARN_ENUM_CONVERSION = YES;
				CLANG_WARN_INFINITE_RECURSION = YES;
				CLANG_WARN_INT_CONVERSION = YES;
				CLANG_WARN_NON_LITERAL_NULL_CONVERSION = YES;
				CLANG_WARN_OBJC_IMPLICIT_RETAIN_SELF = YES;
				CLANG_WARN_OBJC_LITERAL_CONVERSION = YES;
				CLANG_WARN_OBJC_ROOT_CLASS = YES_ERROR;
				CLANG_WARN_QUOTED_INCLUDE_IN_FRAMEWORK_HEADER = YES;
				CLANG_WARN_RANGE_LOOP_ANALYSIS = YES;
				CLANG_WARN_STRICT_PROTOTYPES = YES;
				CLANG_WARN_SUSPICIOUS_MOVE = YES;
				CLANG_WARN_UNGUARDED_AVAILABILITY = YES_AGGRESSIVE;
				CLANG_WARN_UNREACHABLE_CODE = YES;
				CLANG_WARN__DUPLICATE_METHOD_MATCH = YES;
				COPY_PHASE_STRIP = NO;
				DEBUG_INFORMATION_FORMAT = "dwarf-with-dsym";
				ENABLE_NS_ASSERTIONS = NO;
				ENABLE_STRICT_OBJC_MSGSEND = YES;
				ENABLE_USER_SCRIPT_SANDBOXING = YES;
				GCC_C_LANGUAGE_STANDARD = gnu17;
				GCC_NO_COMMON_BLOCKS = YES;
				GCC_WARN_64_TO_32_BIT_CONVERSION = YES;
				GCC_WARN_ABOUT_RETURN_TYPE = YES_ERROR;
				GCC_WARN_UNDECLARED_SELECTOR = YES;
				GCC_WARN_UNINITIALIZED_AUTOS = YES_AGGRESSIVE;
				GCC_WARN_UNUSED_FUNCTION = YES;
				GCC_WARN_UNUSED_VARIABLE = YES;
				IPHONEOS_DEPLOYMENT_TARGET = 17.4;
				LOCALIZATION_PREFERS_STRING_CATALOGS = YES;
				MTL_ENABLE_DEBUG_INFO = NO;
				MTL_FAST_MATH = YES;
				SDKROOT = iphoneos;
				SWIFT_COMPILATION_MODE = wholemodule;
				VALIDATE_PRODUCT = YES;
			};
			name = Release;
		};
		1AB415B22BA9C18200DCCE44 /* Debug */ = {
			isa = XCBuildConfiguration;
			buildSettings = {
				ASSETCATALOG_COMPILER_APPICON_NAME = AppIcon;
				ASSETCATALOG_COMPILER_GLOBAL_ACCENT_COLOR_NAME = AccentColor;
				CODE_SIGN_ENTITLEMENTS = PokemonWidget/PokemonWidget.entitlements;
				CODE_SIGN_STYLE = Automatic;
				CURRENT_PROJECT_VERSION = 1;
				DEVELOPMENT_ASSET_PATHS = "\"PokemonWidget/Preview Content\"";
				DEVELOPMENT_TEAM = 8GL9J69ZFS;
				ENABLE_PREVIEWS = YES;
				GENERATE_INFOPLIST_FILE = YES;
				INFOPLIST_KEY_UIApplicationSceneManifest_Generation = YES;
				INFOPLIST_KEY_UIApplicationSupportsIndirectInputEvents = YES;
				INFOPLIST_KEY_UILaunchScreen_Generation = YES;
				INFOPLIST_KEY_UISupportedInterfaceOrientations_iPad = "UIInterfaceOrientationPortrait UIInterfaceOrientationPortraitUpsideDown UIInterfaceOrientationLandscapeLeft UIInterfaceOrientationLandscapeRight";
				INFOPLIST_KEY_UISupportedInterfaceOrientations_iPhone = "UIInterfaceOrientationPortrait UIInterfaceOrientationLandscapeLeft UIInterfaceOrientationLandscapeRight";
				LD_RUNPATH_SEARCH_PATHS = (
					"$(inherited)",
					"@executable_path/Frameworks",
				);
				MARKETING_VERSION = 1.0;
				PRODUCT_BUNDLE_IDENTIFIER = com.zerdasoftware.PokemonWidget;
				PRODUCT_NAME = "$(TARGET_NAME)";
				SWIFT_EMIT_LOC_STRINGS = YES;
				SWIFT_VERSION = 5.0;
				TARGETED_DEVICE_FAMILY = "1,2";
			};
			name = Debug;
		};
		1AB415B32BA9C18200DCCE44 /* Release */ = {
			isa = XCBuildConfiguration;
			buildSettings = {
				ASSETCATALOG_COMPILER_APPICON_NAME = AppIcon;
				ASSETCATALOG_COMPILER_GLOBAL_ACCENT_COLOR_NAME = AccentColor;
				CODE_SIGN_ENTITLEMENTS = PokemonWidget/PokemonWidget.entitlements;
				CODE_SIGN_STYLE = Automatic;
				CURRENT_PROJECT_VERSION = 1;
				DEVELOPMENT_ASSET_PATHS = "\"PokemonWidget/Preview Content\"";
				DEVELOPMENT_TEAM = 8GL9J69ZFS;
				ENABLE_PREVIEWS = YES;
				GENERATE_INFOPLIST_FILE = YES;
				INFOPLIST_KEY_UIApplicationSceneManifest_Generation = YES;
				INFOPLIST_KEY_UIApplicationSupportsIndirectInputEvents = YES;
				INFOPLIST_KEY_UILaunchScreen_Generation = YES;
				INFOPLIST_KEY_UISupportedInterfaceOrientations_iPad = "UIInterfaceOrientationPortrait UIInterfaceOrientationPortraitUpsideDown UIInterfaceOrientationLandscapeLeft UIInterfaceOrientationLandscapeRight";
				INFOPLIST_KEY_UISupportedInterfaceOrientations_iPhone = "UIInterfaceOrientationPortrait UIInterfaceOrientationLandscapeLeft UIInterfaceOrientationLandscapeRight";
				LD_RUNPATH_SEARCH_PATHS = (
					"$(inherited)",
					"@executable_path/Frameworks",
				);
				MARKETING_VERSION = 1.0;
				PRODUCT_BUNDLE_IDENTIFIER = com.zerdasoftware.PokemonWidget;
				PRODUCT_NAME = "$(TARGET_NAME)";
				SWIFT_EMIT_LOC_STRINGS = YES;
				SWIFT_VERSION = 5.0;
				TARGETED_DEVICE_FAMILY = "1,2";
			};
			name = Release;
		};
/* End XCBuildConfiguration section */

/* Begin XCConfigurationList section */
		1AB4159E2BA9C18100DCCE44 /* Build configuration list for PBXProject "PokemonWidget" */ = {
			isa = XCConfigurationList;
			buildConfigurations = (
				1AB415AF2BA9C18200DCCE44 /* Debug */,
				1AB415B02BA9C18200DCCE44 /* Release */,
			);
			defaultConfigurationIsVisible = 0;
			defaultConfigurationName = Release;
		};
		1AB415B12BA9C18200DCCE44 /* Build configuration list for PBXNativeTarget "PokemonWidget" */ = {
			isa = XCConfigurationList;
			buildConfigurations = (
				1AB415B22BA9C18200DCCE44 /* Debug */,
				1AB415B32BA9C18200DCCE44 /* Release */,
			);
			defaultConfigurationIsVisible = 0;
			defaultConfigurationName = Release;
		};
/* End XCConfigurationList section */
	};
	rootObject = 1AB4159B2BA9C18100DCCE44 /* Project object */;
}
